{
  "name": "ionic-ng-links-ui",
  "version": "0.0.29",
  "lockfileVersion": 2,
  "requires": true,
  "packages": {
    "": {
      "name": "ionic-ng-links-ui",
      "version": "0.0.29",
      "dependencies": {
        "tslib": "^2.3.0"
      },
      "devDependencies": {
        "@types/lodash": "^4.14.181"
      },
      "peerDependencies": {
        "@angular/common": "^13.2.0",
        "@angular/core": "^13.2.0",
        "@awesome-cordova-plugins/in-app-browser": "^5.40.0",
        "@ionic-native/clipboard": "^5.36.0",
        "@ionic/angular": "^6.1.2",
        "app-base-lib": "^1.0.33",
        "lodash": "^4.17.21",
        "vicky-ionic-ng-lib": "^0.0.28"
      }
    },
    "node_modules/@angular/common": {
      "version": "13.3.4",
      "resolved": "https://registry.npmjs.org/@angular/common/-/common-13.3.4.tgz",
      "integrity": "sha512-vPZuUGWMXz6r30obBqH+iIG4Feq4YEK/4wUks7PEYGke8MXFPYsNKuHMhKCgYEhabD/4Mo4GEp3i18/3Kk72Mw==",
      "peer": true,
      "dependencies": {
        "tslib": "^2.3.0"
      },
      "engines": {
        "node": "^12.20.0 || ^14.15.0 || >=16.10.0"
      },
      "peerDependencies": {
        "@angular/core": "13.3.4",
        "rxjs": "^6.5.3 || ^7.4.0"
      }
    },
    "node_modules/@angular/core": {
      "version": "13.3.4",
      "resolved": "https://registry.npmjs.org/@angular/core/-/core-13.3.4.tgz",
      "integrity": "sha512-PqPwx9oaV0Bh0m0fdI2jtXUC6s04jfD4vyzB4sjEuRI9pRUnZ6M5hZ5Vn/KJVZyt411MevbJfqzUVf0W+GDZew==",
      "peer": true,
      "dependencies": {
        "tslib": "^2.3.0"
      },
      "engines": {
        "node": "^12.20.0 || ^14.15.0 || >=16.10.0"
      },
      "peerDependencies": {
        "rxjs": "^6.5.3 || ^7.4.0",
        "zone.js": "~0.11.4"
      }
    },
    "node_modules/@angular/forms": {
      "version": "13.3.4",
      "resolved": "https://registry.npmjs.org/@angular/forms/-/forms-13.3.4.tgz",
      "integrity": "sha512-QHyUXOKYITysaJJ4VnmBacE69oz0rw4G7Y2lhPb2V3a1XsWeO61SZEeGMfAWo7sLoDvi2MCEWNEhl1du4dK14A==",
      "peer": true,
      "dependencies": {
        "tslib": "^2.3.0"
      },
      "engines": {
        "node": "^12.20.0 || ^14.15.0 || >=16.10.0"
      },
      "peerDependencies": {
        "@angular/common": "13.3.4",
        "@angular/core": "13.3.4",
        "@angular/platform-browser": "13.3.4",
        "rxjs": "^6.5.3 || ^7.4.0"
      }
    },
    "node_modules/@angular/platform-browser": {
      "version": "13.3.4",
      "resolved": "https://registry.npmjs.org/@angular/platform-browser/-/platform-browser-13.3.4.tgz",
      "integrity": "sha512-IjBOkjrIVIbbZCDQJRdel0FSDcExSLDgMxcCSQ6pKa6oR/t59BJpSpOhB1W9nRwLtvMmGYkS/oyLFsKk65UoYA==",
      "peer": true,
      "dependencies": {
        "tslib": "^2.3.0"
      },
      "engines": {
        "node": "^12.20.0 || ^14.15.0 || >=16.10.0"
      },
      "peerDependencies": {
        "@angular/animations": "13.3.4",
        "@angular/common": "13.3.4",
        "@angular/core": "13.3.4"
      },
      "peerDependenciesMeta": {
        "@angular/animations": {
          "optional": true
        }
      }
    },
    "node_modules/@angular/router": {
      "version": "13.3.4",
      "resolved": "https://registry.npmjs.org/@angular/router/-/router-13.3.4.tgz",
      "integrity": "sha512-UuMAjWHoFKF8b9gFOiqL7fpVXjIr89BtxVES3yXReVq/IZJz9gWup6lYK3KMja+F8HZB8LBUMYgtqjS9iyLV/Q==",
      "peer": true,
      "dependencies": {
        "tslib": "^2.3.0"
      },
      "engines": {
        "node": "^12.20.0 || ^14.15.0 || >=16.10.0"
      },
      "peerDependencies": {
        "@angular/common": "13.3.4",
        "@angular/core": "13.3.4",
        "@angular/platform-browser": "13.3.4",
        "rxjs": "^6.5.3 || ^7.4.0"
      }
    },
    "node_modules/@awesome-cordova-plugins/core": {
      "version": "5.41.0",
      "resolved": "https://registry.npmjs.org/@awesome-cordova-plugins/core/-/core-5.41.0.tgz",
      "integrity": "sha512-pWGAvz3bfiSx5k7iqDM4O6miJwIAGXhSM0odjMo4Vh/9gOGf603Whg57eeQwikmP/ysH+HKGCxJ885W+wPEpmw==",
      "peer": true,
      "dependencies": {
        "@types/cordova": "latest"
      },
      "peerDependencies": {
        "rxjs": "^5.5.0 || ^6.5.0 || ^7.3.0"
      }
    },
    "node_modules/@awesome-cordova-plugins/in-app-browser": {
      "version": "5.41.0",
      "resolved": "https://registry.npmjs.org/@awesome-cordova-plugins/in-app-browser/-/in-app-browser-5.41.0.tgz",
      "integrity": "sha512-WMwv/gOPIWqN6F5mOx2oTpvr/wvMosWAtkG1XvjvWH/nVDJda2Se4oeeAnzxkXfpyCxZJ2x1mSMrdyKKNb1R2Q==",
      "peer": true,
      "dependencies": {
        "@types/cordova": "latest"
      },
      "peerDependencies": {
        "@awesome-cordova-plugins/core": "^5.1.0",
        "rxjs": "^5.5.0 || ^6.5.0 || ^7.3.0"
      }
    },
    "node_modules/@ionic-native/clipboard": {
      "version": "5.36.0",
      "resolved": "https://registry.npmjs.org/@ionic-native/clipboard/-/clipboard-5.36.0.tgz",
      "integrity": "sha512-+i5vOTNo77y6mAZ2fLD75m9UzAST12gnSVeOqR3UKFKMZ4e3wF7r7YyJ6khbHsFAACBc51WB5U6NOuMDif5qwA==",
      "peer": true,
      "dependencies": {
        "@types/cordova": "latest"
      },
      "peerDependencies": {
        "@ionic-native/core": "^5.1.0",
        "rxjs": "^5.5.0 || ^6.5.0"
      }
    },
    "node_modules/@ionic-native/core": {
      "version": "5.36.0",
      "resolved": "https://registry.npmjs.org/@ionic-native/core/-/core-5.36.0.tgz",
      "integrity": "sha512-lOrkktadlKYbYf1LrDyAtsu1JnQ0oCCdkOU7iHQ8oXnNOkMwobFfD2m62F1CoOr0u9LIkpYnZSPjng8lZbmbNw==",
      "peer": true,
      "dependencies": {
        "@types/cordova": "latest"
      },
      "peerDependencies": {
        "rxjs": "^5.5.0 || ^6.5.0"
      }
    },
    "node_modules/@ionic/angular": {
      "version": "6.1.2",
      "resolved": "https://registry.npmjs.org/@ionic/angular/-/angular-6.1.2.tgz",
      "integrity": "sha512-7xqJKdSLtaHNpVGojpagZ9Y8uKlsQ20yr8fFcxIPK5ZyIJdvZiLSg+7MJ9Rd1GX2Vq5PppaM+r+vl77PHraJrg==",
      "peer": true,
      "dependencies": {
        "@ionic/core": "^6.1.2",
        "jsonc-parser": "^3.0.0",
        "tslib": "^2.0.0"
      },
      "peerDependencies": {
        "@angular/core": ">=12.0.0",
        "@angular/forms": ">=12.0.0",
        "@angular/router": ">=12.0.0",
        "rxjs": ">=6.6.0",
        "zone.js": ">=0.11.0"
      }
    },
    "node_modules/@ionic/core": {
      "version": "6.1.2",
      "resolved": "https://registry.npmjs.org/@ionic/core/-/core-6.1.2.tgz",
      "integrity": "sha512-Y0oCNew0X+4BqdmUB+YEhKibdND8E0h12cUbA2irGTElnvthSp4Z7cNsoQO3+oPG/uzYm8SjAv/ifPbczbI3cw==",
      "peer": true,
      "dependencies": {
        "@stencil/core": "^2.14.2",
        "ionicons": "^6.0.0",
        "tslib": "^2.1.0"
      }
    },
    "node_modules/@stencil/core": {
      "version": "2.15.1",
      "resolved": "https://registry.npmjs.org/@stencil/core/-/core-2.15.1.tgz",
      "integrity": "sha512-NYjRwQnjzscyFfqK+iIwRdr/dgYn33u6KE7kyQWdi7xsCkqMHalXYgJlN/QBQ9PN3qXmXKeBrJNG8EkNdCbK5g==",
      "peer": true,
      "bin": {
        "stencil": "bin/stencil"
      },
      "engines": {
        "node": ">=12.10.0",
        "npm": ">=6.0.0"
      }
    },
    "node_modules/@types/cordova": {
      "version": "0.0.34",
      "resolved": "https://registry.npmjs.org/@types/cordova/-/cordova-0.0.34.tgz",
      "integrity": "sha1-6nrd907Ow9dimCegw54smt3HPQQ=",
      "peer": true
    },
    "node_modules/@types/lodash": {
      "version": "4.14.181",
      "resolved": "https://registry.npmjs.org/@types/lodash/-/lodash-4.14.181.tgz",
      "integrity": "sha512-n3tyKthHJbkiWhDZs3DkhkCzt2MexYHXlX0td5iMplyfwketaOeKboEVBqzceH7juqvEg3q5oUoBFxSLu7zFag=="
    },
    "node_modules/app-base-lib": {
      "version": "1.0.33",
      "resolved": "https://registry.npmjs.org/app-base-lib/-/app-base-lib-1.0.33.tgz",
      "integrity": "sha512-ywxkOrvV2KKLD7pbvBGaumk+0z2fiyZzIbmduiUpvUmiyzANymQAYBMGxZgopW9xya1Pgr49cvHR0TZT1mEEBA==",
      "peer": true,
      "peerDependencies": {
        "@types/lodash": "^4.14.181",
        "lodash": "^4.17.21",
        "rxjs": "^7.5.5"
      }
    },
    "node_modules/ionicons": {
      "version": "6.0.1",
      "resolved": "https://registry.npmjs.org/ionicons/-/ionicons-6.0.1.tgz",
      "integrity": "sha512-xQekOJsxH82O7oB+3F60zeRggCdND9pJ/k0E6IJDVUGGlCj5mlyFqNgxUimytKgstPGv3S+3EmCxjefvtGgWUg==",
      "peer": true,
      "dependencies": {
        "@stencil/core": "~2.12.0"
      }
    },
    "node_modules/ionicons/node_modules/@stencil/core": {
      "version": "2.12.1",
      "resolved": "https://registry.npmjs.org/@stencil/core/-/core-2.12.1.tgz",
      "integrity": "sha512-u24TZ+FEvjnZt5ZgIkLjLpUNsO6Ml3mUZqwmqk81w6RWWz75hgB5p4RFI5rvuErFeh2xvMIGo+pNdG24XUBz1A==",
      "peer": true,
      "bin": {
        "stencil": "bin/stencil"
      },
      "engines": {
        "node": ">=12.10.0",
        "npm": ">=6.0.0"
      }
    },
    "node_modules/jsonc-parser": {
      "version": "3.0.0",
      "resolved": "https://registry.npmjs.org/jsonc-parser/-/jsonc-parser-3.0.0.tgz",
      "integrity": "sha512-fQzRfAbIBnR0IQvftw9FJveWiHp72Fg20giDrHz6TdfB12UH/uue0D3hm57UB5KgAVuniLMCaS8P1IMj9NR7cA==",
      "peer": true
    },
    "node_modules/lodash": {
      "version": "4.17.21",
      "resolved": "https://registry.npmjs.org/lodash/-/lodash-4.17.21.tgz",
      "integrity": "sha512-v2kDEe57lecTulaDIuNTPy3Ry4gLGJ6Z1O3vE1krgXZNrsQ+LFTGHVxVjcXPs17LhbZVGedAJv8XZ1tvj5FvSg==",
      "peer": true
    },
    "node_modules/rxjs": {
      "version": "7.5.5",
      "resolved": "https://registry.npmjs.org/rxjs/-/rxjs-7.5.5.tgz",
      "integrity": "sha512-sy+H0pQofO95VDmFLzyaw9xNJU4KTRSwQIGM6+iG3SypAtCiLDzpeG8sJrNCWn2Up9km+KhkvTdbkrdy+yzZdw==",
      "peer": true,
      "dependencies": {
        "tslib": "^2.1.0"
      }
    },
    "node_modules/tslib": {
      "version": "2.3.1",
      "resolved": "https://registry.npmjs.org/tslib/-/tslib-2.3.1.tgz",
      "integrity": "sha512-77EbyPPpMz+FRFRuAFlWMtmgUWGe9UOG2Z25NqCwiIjRhOf5iKGuzSe5P2w1laq+FkRy4p+PCuVkJSGkzTEKVw=="
    },
    "node_modules/vicky-ionic-ng-lib": {
      "version": "0.0.28",
      "resolved": "https://registry.npmjs.org/vicky-ionic-ng-lib/-/vicky-ionic-ng-lib-0.0.28.tgz",
      "integrity": "sha512-MvzoAD9vPomiG5pFZlJmfP3eQGuC9fh5IEfsclubYjBa+7arDAusXWAb6RS/c2iO4l7npX/aNFAJ66cZJzO94w==",
      "peer": true,
      "dependencies": {
        "tslib": "^2.3.0"
      },
      "peerDependencies": {
        "@angular/common": "^13.1.0",
        "@angular/core": "^13.1.0",
        "@ionic/angular": "^6.0.2",
        "app-base-lib": "^1.0.32",
        "lodash": "^4.17.21"
      }
    },
    "node_modules/zone.js": {
      "version": "0.11.5",
      "resolved": "https://registry.npmjs.org/zone.js/-/zone.js-0.11.5.tgz",
      "integrity": "sha512-D1/7VxEuQ7xk6z/kAROe4SUbd9CzxY4zOwVGnGHerd/SgLIVU5f4esDzQUsOCeArn933BZfWMKydH7l7dPEp0g==",
      "peer": true,
      "dependencies": {
        "tslib": "^2.3.0"
      }
    }
  },
  "dependencies": {
    "@angular/common": {
      "version": "13.3.4",
      "resolved": "https://registry.npmjs.org/@angular/common/-/common-13.3.4.tgz",
      "integrity": "sha512-vPZuUGWMXz6r30obBqH+iIG4Feq4YEK/4wUks7PEYGke8MXFPYsNKuHMhKCgYEhabD/4Mo4GEp3i18/3Kk72Mw==",
      "peer": true,
      "requires": {
        "tslib": "^2.3.0"
      }
    },
    "@angular/core": {
      "version": "13.3.4",
      "resolved": "https://registry.npmjs.org/@angular/core/-/core-13.3.4.tgz",
      "integrity": "sha512-PqPwx9oaV0Bh0m0fdI2jtXUC6s04jfD4vyzB4sjEuRI9pRUnZ6M5hZ5Vn/KJVZyt411MevbJfqzUVf0W+GDZew==",
      "peer": true,
      "requires": {
        "tslib": "^2.3.0"
      }
    },
    "@angular/forms": {
      "version": "13.3.4",
      "resolved": "https://registry.npmjs.org/@angular/forms/-/forms-13.3.4.tgz",
      "integrity": "sha512-QHyUXOKYITysaJJ4VnmBacE69oz0rw4G7Y2lhPb2V3a1XsWeO61SZEeGMfAWo7sLoDvi2MCEWNEhl1du4dK14A==",
      "peer": true,
      "requires": {
        "tslib": "^2.3.0"
      }
    },
    "@angular/platform-browser": {
      "version": "13.3.4",
      "resolved": "https://registry.npmjs.org/@angular/platform-browser/-/platform-browser-13.3.4.tgz",
      "integrity": "sha512-IjBOkjrIVIbbZCDQJRdel0FSDcExSLDgMxcCSQ6pKa6oR/t59BJpSpOhB1W9nRwLtvMmGYkS/oyLFsKk65UoYA==",
      "peer": true,
      "requires": {
        "tslib": "^2.3.0"
      }
    },
    "@angular/router": {
      "version": "13.3.4",
      "resolved": "https://registry.npmjs.org/@angular/router/-/router-13.3.4.tgz",
      "integrity": "sha512-UuMAjWHoFKF8b9gFOiqL7fpVXjIr89BtxVES3yXReVq/IZJz9gWup6lYK3KMja+F8HZB8LBUMYgtqjS9iyLV/Q==",
      "peer": true,
      "requires": {
        "tslib": "^2.3.0"
      }
    },
    "@awesome-cordova-plugins/core": {
      "version": "5.41.0",
      "resolved": "https://registry.npmjs.org/@awesome-cordova-plugins/core/-/core-5.41.0.tgz",
      "integrity": "sha512-pWGAvz3bfiSx5k7iqDM4O6miJwIAGXhSM0odjMo4Vh/9gOGf603Whg57eeQwikmP/ysH+HKGCxJ885W+wPEpmw==",
      "peer": true,
      "requires": {
        "@types/cordova": "latest"
      }
    },
    "@awesome-cordova-plugins/in-app-browser": {
      "version": "5.41.0",
      "resolved": "https://registry.npmjs.org/@awesome-cordova-plugins/in-app-browser/-/in-app-browser-5.41.0.tgz",
      "integrity": "sha512-WMwv/gOPIWqN6F5mOx2oTpvr/wvMosWAtkG1XvjvWH/nVDJda2Se4oeeAnzxkXfpyCxZJ2x1mSMrdyKKNb1R2Q==",
      "peer": true,
      "requires": {
        "@types/cordova": "latest"
      }
    },
    "@ionic-native/clipboard": {
      "version": "5.36.0",
      "resolved": "https://registry.npmjs.org/@ionic-native/clipboard/-/clipboard-5.36.0.tgz",
      "integrity": "sha512-+i5vOTNo77y6mAZ2fLD75m9UzAST12gnSVeOqR3UKFKMZ4e3wF7r7YyJ6khbHsFAACBc51WB5U6NOuMDif5qwA==",
      "peer": true,
      "requires": {
        "@types/cordova": "latest"
      }
    },
    "@ionic-native/core": {
      "version": "5.36.0",
      "resolved": "https://registry.npmjs.org/@ionic-native/core/-/core-5.36.0.tgz",
      "integrity": "sha512-lOrkktadlKYbYf1LrDyAtsu1JnQ0oCCdkOU7iHQ8oXnNOkMwobFfD2m62F1CoOr0u9LIkpYnZSPjng8lZbmbNw==",
      "peer": true,
      "requires": {
        "@types/cordova": "latest"
      }
    },
    "@ionic/angular": {
      "version": "6.1.2",
      "resolved": "https://registry.npmjs.org/@ionic/angular/-/angular-6.1.2.tgz",
      "integrity": "sha512-7xqJKdSLtaHNpVGojpagZ9Y8uKlsQ20yr8fFcxIPK5ZyIJdvZiLSg+7MJ9Rd1GX2Vq5PppaM+r+vl77PHraJrg==",
      "peer": true,
      "requires": {
        "@ionic/core": "^6.1.2",
        "jsonc-parser": "^3.0.0",
        "tslib": "^2.0.0"
      }
    },
    "@ionic/core": {
      "version": "6.1.2",
      "resolved": "https://registry.npmjs.org/@ionic/core/-/core-6.1.2.tgz",
      "integrity": "sha512-Y0oCNew0X+4BqdmUB+YEhKibdND8E0h12cUbA2irGTElnvthSp4Z7cNsoQO3+oPG/uzYm8SjAv/ifPbczbI3cw==",
      "peer": true,
      "requires": {
        "@stencil/core": "^2.14.2",
        "ionicons": "^6.0.0",
        "tslib": "^2.1.0"
      }
    },
    "@stencil/core": {
      "version": "2.15.1",
      "resolved": "https://registry.npmjs.org/@stencil/core/-/core-2.15.1.tgz",
      "integrity": "sha512-NYjRwQnjzscyFfqK+iIwRdr/dgYn33u6KE7kyQWdi7xsCkqMHalXYgJlN/QBQ9PN3qXmXKeBrJNG8EkNdCbK5g==",
      "peer": true
    },
    "@types/cordova": {
      "version": "0.0.34",
      "resolved": "https://registry.npmjs.org/@types/cordova/-/cordova-0.0.34.tgz",
      "integrity": "sha1-6nrd907Ow9dimCegw54smt3HPQQ=",
      "peer": true
    },
    "@types/lodash": {
      "version": "4.14.181",
      "resolved": "https://registry.npmjs.org/@types/lodash/-/lodash-4.14.181.tgz",
      "integrity": "sha512-n3tyKthHJbkiWhDZs3DkhkCzt2MexYHXlX0td5iMplyfwketaOeKboEVBqzceH7juqvEg3q5oUoBFxSLu7zFag=="
    },
    "app-base-lib": {
      "version": "1.0.33",
      "resolved": "https://registry.npmjs.org/app-base-lib/-/app-base-lib-1.0.33.tgz",
      "integrity": "sha512-ywxkOrvV2KKLD7pbvBGaumk+0z2fiyZzIbmduiUpvUmiyzANymQAYBMGxZgopW9xya1Pgr49cvHR0TZT1mEEBA==",
      "peer": true,
      "requires": {}
    },
    "ionicons": {
      "version": "6.0.1",
      "resolved": "https://registry.npmjs.org/ionicons/-/ionicons-6.0.1.tgz",
      "integrity": "sha512-xQekOJsxH82O7oB+3F60zeRggCdND9pJ/k0E6IJDVUGGlCj5mlyFqNgxUimytKgstPGv3S+3EmCxjefvtGgWUg==",
      "peer": true,
      "requires": {
        "@stencil/core": "~2.12.0"
      },
      "dependencies": {
        "@stencil/core": {
          "version": "2.12.1",
          "resolved": "https://registry.npmjs.org/@stencil/core/-/core-2.12.1.tgz",
          "integrity": "sha512-u24TZ+FEvjnZt5ZgIkLjLpUNsO6Ml3mUZqwmqk81w6RWWz75hgB5p4RFI5rvuErFeh2xvMIGo+pNdG24XUBz1A==",
          "peer": true
        }
      }
    },
    "jsonc-parser": {
      "version": "3.0.0",
      "resolved": "https://registry.npmjs.org/jsonc-parser/-/jsonc-parser-3.0.0.tgz",
      "integrity": "sha512-fQzRfAbIBnR0IQvftw9FJveWiHp72Fg20giDrHz6TdfB12UH/uue0D3hm57UB5KgAVuniLMCaS8P1IMj9NR7cA==",
      "peer": true
    },
    "lodash": {
      "version": "4.17.21",
      "resolved": "https://registry.npmjs.org/lodash/-/lodash-4.17.21.tgz",
      "integrity": "sha512-v2kDEe57lecTulaDIuNTPy3Ry4gLGJ6Z1O3vE1krgXZNrsQ+LFTGHVxVjcXPs17LhbZVGedAJv8XZ1tvj5FvSg==",
      "peer": true
    },
    "rxjs": {
      "version": "7.5.5",
      "resolved": "https://registry.npmjs.org/rxjs/-/rxjs-7.5.5.tgz",
      "integrity": "sha512-sy+H0pQofO95VDmFLzyaw9xNJU4KTRSwQIGM6+iG3SypAtCiLDzpeG8sJrNCWn2Up9km+KhkvTdbkrdy+yzZdw==",
      "peer": true,
      "requires": {
        "tslib": "^2.1.0"
      }
    },
    "tslib": {
      "version": "2.3.1",
      "resolved": "https://registry.npmjs.org/tslib/-/tslib-2.3.1.tgz",
      "integrity": "sha512-77EbyPPpMz+FRFRuAFlWMtmgUWGe9UOG2Z25NqCwiIjRhOf5iKGuzSe5P2w1laq+FkRy4p+PCuVkJSGkzTEKVw=="
    },
    "vicky-ionic-ng-lib": {
      "version": "0.0.28",
      "resolved": "https://registry.npmjs.org/vicky-ionic-ng-lib/-/vicky-ionic-ng-lib-0.0.28.tgz",
      "integrity": "sha512-MvzoAD9vPomiG5pFZlJmfP3eQGuC9fh5IEfsclubYjBa+7arDAusXWAb6RS/c2iO4l7npX/aNFAJ66cZJzO94w==",
      "peer": true,
      "requires": {
        "tslib": "^2.3.0"
      }
    },
    "zone.js": {
      "version": "0.11.5",
      "resolved": "https://registry.npmjs.org/zone.js/-/zone.js-0.11.5.tgz",
      "integrity": "sha512-D1/7VxEuQ7xk6z/kAROe4SUbd9CzxY4zOwVGnGHerd/SgLIVU5f4esDzQUsOCeArn933BZfWMKydH7l7dPEp0g==",
      "peer": true,
      "requires": {
        "tslib": "^2.3.0"
      }
    }
  }
}
